
Microsoft Visual Studio Solution File, Format Version 12.00
# Visual Studio Version 17
VisualStudioVersion = 17.7.34031.279
MinimumVisualStudioVersion = 10.0.40219.1
Project("{FAE04EC0-301F-11D3-BF4B-00C04F79EFBC}") = "ItogLaba", "ItogLaba\ItogLaba.csproj", "{A394BEFC-DC96-4E60-80A9-211D9F6C2903}"
EndProject
Project("{FAE04EC0-301F-11D3-BF4B-00C04F79EFBC}") = "LIB090", "LIB090\LIB090.csproj", "{D25452BB-A75C-44FE-87F1-1A88EFCBB4AA}"
EndProject
Global
	GlobalSection(SolutionConfigurationPlatforms) = preSolution
		Debug|Any CPU = Debug|Any CPU
		Release|Any CPU = Release|Any CPU
	EndGlobalSection
	GlobalSection(ProjectConfigurationPlatforms) = postSolution
		{A394BEFC-DC96-4E60-80A9-211D9F6C2903}.Debug|Any CPU.ActiveCfg = Debug|Any CPU
		{A394BEFC-DC96-4E60-80A9-211D9F6C2903}.Debug|Any CPU.Build.0 = Debug|Any CPU
		{A394BEFC-DC96-4E60-80A9-211D9F6C2903}.Release|Any CPU.ActiveCfg = Release|Any CPU
		{A394BEFC-DC96-4E60-80A9-211D9F6C2903}.Release|Any CPU.Build.0 = Release|Any CPU
		{D25452BB-A75C-44FE-87F1-1A88EFCBB4AA}.Debug|Any CPU.ActiveCfg = Debug|Any CPU
		{D25452BB-A75C-44FE-87F1-1A88EFCBB4AA}.Debug|Any CPU.Build.0 = Debug|Any CPU
		{D25452BB-A75C-44FE-87F1-1A88EFCBB4AA}.Release|Any CPU.ActiveCfg = Release|Any CPU
		{D25452BB-A75C-44FE-87F1-1A88EFCBB4AA}.Release|Any CPU.Build.0 = Release|Any CPU
	EndGlobalSection
	GlobalSection(SolutionProperties) = preSolution
		HideSolutionNode = FALSE
	EndGlobalSection
	GlobalSection(ExtensibilityGlobals) = postSolution
		SolutionGuid = {19ED37CA-4D92-433E-9729-43C8FE1907E7}
	EndGlobalSection
EndGlobal
